
Microsoft Visual Studio Solution File, Format Version 12.00
# Visual Studio Version 16
VisualStudioVersion = 16.0.29230.47
MinimumVisualStudioVersion = 10.0.40219.1
Project("{FAE04EC0-301F-11D3-BF4B-00C04F79EFBC}") = "Upcasting", "Upcasting.csproj", "{EFE12BC9-8D04-4B12-82D6-3E4F647DDEAE}"
EndProject
Global
	GlobalSection(SolutionConfigurationPlatforms) = preSolution
		Debug|Any CPU = Debug|Any CPU
		Release|Any CPU = Release|Any CPU
	EndGlobalSection
	GlobalSection(ProjectConfigurationPlatforms) = postSolution
		{EFE12BC9-8D04-4B12-82D6-3E4F647DDEAE}.Debug|Any CPU.ActiveCfg = Debug|Any CPU
		{EFE12BC9-8D04-4B12-82D6-3E4F647DDEAE}.Debug|Any CPU.Build.0 = Debug|Any CPU
		{EFE12BC9-8D04-4B12-82D6-3E4F647DDEAE}.Release|Any CPU.ActiveCfg = Release|Any CPU
		{EFE12BC9-8D04-4B12-82D6-3E4F647DDEAE}.Release|Any CPU.Build.0 = Release|Any CPU
	EndGlobalSection
	GlobalSection(SolutionProperties) = preSolution
		HideSolutionNode = FALSE
	EndGlobalSection
	GlobalSection(ExtensibilityGlobals) = postSolution
		SolutionGuid = {E81A725F-3762-4B08-887B-7E0AB7ED2E69}
	EndGlobalSection
EndGlobal
